
Microsoft Visual Studio Solution File, Format Version 12.00
# Visual Studio Version 17
VisualStudioVersion = 17.4.33110.190
MinimumVisualStudioVersion = 10.0.40219.1
Project("{9A19103F-16F7-4668-BE54-9A1E7A4F7556}") = "McOliveiraAPI_", "McOliveiraAPI_\McOliveiraAPI_.csproj", "{C200E246-BD43-4EDF-9D4C-050919D43ACF}"
EndProject
Project("{9A19103F-16F7-4668-BE54-9A1E7A4F7556}") = "Entidades", "..\Entidades\Entidades.csproj", "{FC11236E-691B-4A85-B6B9-8EEBD4BBEC3B}"
EndProject
Global
	GlobalSection(SolutionConfigurationPlatforms) = preSolution
		Debug|Any CPU = Debug|Any CPU
		Release|Any CPU = Release|Any CPU
	EndGlobalSection
	GlobalSection(ProjectConfigurationPlatforms) = postSolution
		{C200E246-BD43-4EDF-9D4C-050919D43ACF}.Debug|Any CPU.ActiveCfg = Debug|Any CPU
		{C200E246-BD43-4EDF-9D4C-050919D43ACF}.Debug|Any CPU.Build.0 = Debug|Any CPU
		{C200E246-BD43-4EDF-9D4C-050919D43ACF}.Release|Any CPU.ActiveCfg = Release|Any CPU
		{C200E246-BD43-4EDF-9D4C-050919D43ACF}.Release|Any CPU.Build.0 = Release|Any CPU
		{FC11236E-691B-4A85-B6B9-8EEBD4BBEC3B}.Debug|Any CPU.ActiveCfg = Debug|Any CPU
		{FC11236E-691B-4A85-B6B9-8EEBD4BBEC3B}.Debug|Any CPU.Build.0 = Debug|Any CPU
		{FC11236E-691B-4A85-B6B9-8EEBD4BBEC3B}.Release|Any CPU.ActiveCfg = Release|Any CPU
		{FC11236E-691B-4A85-B6B9-8EEBD4BBEC3B}.Release|Any CPU.Build.0 = Release|Any CPU
	EndGlobalSection
	GlobalSection(SolutionProperties) = preSolution
		HideSolutionNode = FALSE
	EndGlobalSection
	GlobalSection(ExtensibilityGlobals) = postSolution
		SolutionGuid = {3C60CA21-74C8-4EFE-A34F-8DDBA16CB2F8}
	EndGlobalSection
EndGlobal
